
Microsoft Visual Studio Solution File, Format Version 12.00
# Visual Studio Version 17
VisualStudioVersion = 17.5.33530.505
MinimumVisualStudioVersion = 10.0.40219.1
Project("{9A19103F-16F7-4668-BE54-9A1E7A4F7556}") = "Acme.VideoCatalog", "Acme.VideoCatalog\Acme.VideoCatalog.csproj", "{4D95A481-DB27-4691-AE7D-DB2A3295833F}"
EndProject
Project("{FAE04EC0-301F-11D3-BF4B-00C04F79EFBC}") = "Acme.VideoCatalog.Domain", "Acme.VideoCatalog.Domain\Acme.VideoCatalog.Domain.csproj", "{817E69E9-76CA-4536-93A4-F1259747DDDA}"
EndProject
Project("{FAE04EC0-301F-11D3-BF4B-00C04F79EFBC}") = "Acme.VideoCatalog.DataAccess", "Acme.VideoCatalog.DataAccess\Acme.VideoCatalog.DataAccess.csproj", "{14B1F686-62D2-46E6-BDD8-8C1B1D1D5164}"
EndProject
Project("{2150E333-8FDC-42A3-9474-1A3956D46DE8}") = "Tests", "Tests", "{C4143C0A-22D2-4D93-A8DA-A90C9F79F874}"
EndProject
Project("{FAE04EC0-301F-11D3-BF4B-00C04F79EFBC}") = "Acme.VideoCatalog.ServicesTests", "Acme.VideoCatalog.ServicesTests\Acme.VideoCatalog.ServicesTests.csproj", "{E3B693C5-729E-4724-A854-810103D86465}"
EndProject
Project("{FAE04EC0-301F-11D3-BF4B-00C04F79EFBC}") = "Acme.VideoCatalog.Services", "Acme.VideoCatalog.Services\Acme.VideoCatalog.Services.csproj", "{5B356AB1-1CA3-4C85-9888-7FCAD85852EB}"
EndProject
Global
	GlobalSection(SolutionConfigurationPlatforms) = preSolution
		Debug|Any CPU = Debug|Any CPU
		Release|Any CPU = Release|Any CPU
	EndGlobalSection
	GlobalSection(ProjectConfigurationPlatforms) = postSolution
		{4D95A481-DB27-4691-AE7D-DB2A3295833F}.Debug|Any CPU.ActiveCfg = Debug|Any CPU
		{4D95A481-DB27-4691-AE7D-DB2A3295833F}.Debug|Any CPU.Build.0 = Debug|Any CPU
		{4D95A481-DB27-4691-AE7D-DB2A3295833F}.Release|Any CPU.ActiveCfg = Release|Any CPU
		{4D95A481-DB27-4691-AE7D-DB2A3295833F}.Release|Any CPU.Build.0 = Release|Any CPU
		{817E69E9-76CA-4536-93A4-F1259747DDDA}.Debug|Any CPU.ActiveCfg = Debug|Any CPU
		{817E69E9-76CA-4536-93A4-F1259747DDDA}.Debug|Any CPU.Build.0 = Debug|Any CPU
		{817E69E9-76CA-4536-93A4-F1259747DDDA}.Release|Any CPU.ActiveCfg = Release|Any CPU
		{817E69E9-76CA-4536-93A4-F1259747DDDA}.Release|Any CPU.Build.0 = Release|Any CPU
		{14B1F686-62D2-46E6-BDD8-8C1B1D1D5164}.Debug|Any CPU.ActiveCfg = Debug|Any CPU
		{14B1F686-62D2-46E6-BDD8-8C1B1D1D5164}.Debug|Any CPU.Build.0 = Debug|Any CPU
		{14B1F686-62D2-46E6-BDD8-8C1B1D1D5164}.Release|Any CPU.ActiveCfg = Release|Any CPU
		{14B1F686-62D2-46E6-BDD8-8C1B1D1D5164}.Release|Any CPU.Build.0 = Release|Any CPU
		{E3B693C5-729E-4724-A854-810103D86465}.Debug|Any CPU.ActiveCfg = Debug|Any CPU
		{E3B693C5-729E-4724-A854-810103D86465}.Debug|Any CPU.Build.0 = Debug|Any CPU
		{E3B693C5-729E-4724-A854-810103D86465}.Release|Any CPU.ActiveCfg = Release|Any CPU
		{E3B693C5-729E-4724-A854-810103D86465}.Release|Any CPU.Build.0 = Release|Any CPU
		{5B356AB1-1CA3-4C85-9888-7FCAD85852EB}.Debug|Any CPU.ActiveCfg = Debug|Any CPU
		{5B356AB1-1CA3-4C85-9888-7FCAD85852EB}.Debug|Any CPU.Build.0 = Debug|Any CPU
		{5B356AB1-1CA3-4C85-9888-7FCAD85852EB}.Release|Any CPU.ActiveCfg = Release|Any CPU
		{5B356AB1-1CA3-4C85-9888-7FCAD85852EB}.Release|Any CPU.Build.0 = Release|Any CPU
	EndGlobalSection
	GlobalSection(SolutionProperties) = preSolution
		HideSolutionNode = FALSE
	EndGlobalSection
	GlobalSection(NestedProjects) = preSolution
		{E3B693C5-729E-4724-A854-810103D86465} = {C4143C0A-22D2-4D93-A8DA-A90C9F79F874}
	EndGlobalSection
	GlobalSection(ExtensibilityGlobals) = postSolution
		SolutionGuid = {2A39DDEC-D95C-4599-A505-026D31603628}
	EndGlobalSection
EndGlobal
